
Microsoft Visual Studio Solution File, Format Version 12.00
# Visual Studio Version 17
VisualStudioVersion = 17.14.36414.22 d17.14
MinimumVisualStudioVersion = 10.0.40219.1
Project("{FAE04EC0-301F-11D3-BF4B-00C04F79EFBC}") = "Assignment5.4.1", "Assignment5.4.1.csproj", "{884742DA-186C-4BF6-9DA3-0F9C2B0B9731}"
EndProject
Global
	GlobalSection(SolutionConfigurationPlatforms) = preSolution
		Debug|Any CPU = Debug|Any CPU
		Release|Any CPU = Release|Any CPU
	EndGlobalSection
	GlobalSection(ProjectConfigurationPlatforms) = postSolution
		{884742DA-186C-4BF6-9DA3-0F9C2B0B9731}.Debug|Any CPU.ActiveCfg = Debug|Any CPU
		{884742DA-186C-4BF6-9DA3-0F9C2B0B9731}.Debug|Any CPU.Build.0 = Debug|Any CPU
		{884742DA-186C-4BF6-9DA3-0F9C2B0B9731}.Release|Any CPU.ActiveCfg = Release|Any CPU
		{884742DA-186C-4BF6-9DA3-0F9C2B0B9731}.Release|Any CPU.Build.0 = Release|Any CPU
	EndGlobalSection
	GlobalSection(SolutionProperties) = preSolution
		HideSolutionNode = FALSE
	EndGlobalSection
	GlobalSection(ExtensibilityGlobals) = postSolution
		SolutionGuid = {8A5BFE5F-5476-403E-B199-45EFEE007AE7}
	EndGlobalSection
EndGlobal
